// !$*UTF8*$!
{
	archiveVersion = 1;
	classes = {
	};
	objectVersion = 77;
	objects = {

/* Begin PBXContainerItemProxy section */
		E77E22582F366F6000BF3CF1 /* PBXContainerItemProxy */ = {
			isa = PBXContainerItemProxy;
			containerPortal = E77E223F2F366F5F00BF3CF1 /* Project object */;
			proxyType = 1;
			remoteGlobalIDString = E77E22462F366F5F00BF3CF1;
			remoteInfo = DungeonDice;
		};
		E77E22622F366F6000BF3CF1 /* PBXContainerItemProxy */ = {
			isa = PBXContainerItemProxy;
			containerPortal = E77E223F2F366F5F00BF3CF1 /* Project object */;
			proxyType = 1;
			remoteGlobalIDString = E77E22462F366F5F00BF3CF1;
			remoteInfo = DungeonDice;
		};
/* End PBXContainerItemProxy section */

/* Begin PBXFileReference section */
		E77E22472F366F5F00BF3CF1 /* DungeonDice.app */ = {isa = PBXFileReference; explicitFileType = wrapper.application; includeInIndex = 0; path = DungeonDice.app; sourceTree = BUILT_PRODUCTS_DIR; };
		E77E22572F366F6000BF3CF1 /* DungeonDiceTests.xctest */ = {isa = PBXFileReference; explicitFileType = wrapper.cfbundle; includeInIndex = 0; path = DungeonDiceTests.xctest; sourceTree = BUILT_PRODUCTS_DIR; };
		E77E22612F366F6000BF3CF1 /* DungeonDiceUITests.xctest */ = {isa = PBXFileReference; explicitFileType = wrapper.cfbundle; includeInIndex = 0; path = DungeonDiceUITests.xctest; sourceTree = BUILT_PRODUCTS_DIR; };
/* End PBXFileReference section */

/* Begin PBXFileSystemSynchronizedRootGroup section */
		E77E22492F366F5F00BF3CF1 /* DungeonDice */ = {
			isa = PBXFileSystemSynchronizedRootGroup;
			path = DungeonDice;
			sourceTree = "<group>";
		};
		E77E225A2F366F6000BF3CF1 /* DungeonDiceTests */ = {
			isa = PBXFileSystemSynchronizedRootGroup;
			path = DungeonDiceTests;
			sourceTree = "<group>";
		};
		E77E22642F366F6000BF3CF1 /* DungeonDiceUITests */ = {
			isa = PBXFileSystemSynchronizedRootGroup;
			path = DungeonDiceUITests;
			sourceTree = "<group>";
		};
/* End PBXFileSystemSynchronizedRootGroup section */

/* Begin PBXFrameworksBuildPhase section */
		E77E22442F366F5F00BF3CF1 /* Frameworks */ = {
			isa = PBXFrameworksBuildPhase;
			buildActionMask = 2147483647;
			files = (
			);
			runOnlyForDeploymentPostprocessing = 0;
		};
		E77E22542F366F6000BF3CF1 /* Frameworks */ = {
			isa = PBXFrameworksBuildPhase;
			buildActionMask = 2147483647;
			files = (
			);
			runOnlyForDeploymentPostprocessing = 0;
		};
		E77E225E2F366F6000BF3CF1 /* Frameworks */ = {
			isa = PBXFrameworksBuildPhase;
			buildActionMask = 2147483647;
			files = (
			);
			runOnlyForDeploymentPostprocessing = 0;
		};
/* End PBXFrameworksBuildPhase section */

/* Begin PBXGroup section */
		E77E223E2F366F5F00BF3CF1 = {
			isa = PBXGroup;
			children = (
				E77E22492F366F5F00BF3CF1 /* DungeonDice */,
				E77E225A2F366F6000BF3CF1 /* DungeonDiceTests */,
				E77E22642F366F6000BF3CF1 /* DungeonDiceUITests */,
				E77E22482F366F5F00BF3CF1 /* Products */,
			);
			sourceTree = "<group>";
		};
		E77E22482F366F5F00BF3CF1 /* Products */ = {
			isa = PBXGroup;
			children = (
				E77E22472F366F5F00BF3CF1 /* DungeonDice.app */,
				E77E22572F366F6000BF3CF1 /* DungeonDiceTests.xctest */,
				E77E22612F366F6000BF3CF1 /* DungeonDiceUITests.xctest */,
			);
			name = Products;
			sourceTree = "<group>";
		};
/* End PBXGroup section */

/* Begin PBXNativeTarget section */
		E77E22462F366F5F00BF3CF1 /* DungeonDice */ = {
			isa = PBXNativeTarget;
			buildConfigurationList = E77E226B2F366F6000BF3CF1 /* Build configuration list for PBXNativeTarget "DungeonDice" */;
			buildPhases = (
				E77E22432F366F5F00BF3CF1 /* Sources */,
				E77E22442F366F5F00BF3CF1 /* Frameworks */,
				E77E22452F366F5F00BF3CF1 /* Resources */,
			);
			buildRules = (
			);
			dependencies = (
			);
			fileSystemSynchronizedGroups = (
				E77E22492F366F5F00BF3CF1 /* DungeonDice */,
			);
			name = DungeonDice;
			packageProductDependencies = (
			);
			productName = DungeonDice;
			productReference = E77E22472F366F5F00BF3CF1 /* DungeonDice.app */;
			productType = "com.apple.product-type.application";
		};
		E77E22562F366F6000BF3CF1 /* DungeonDiceTests */ = {
			isa = PBXNativeTarget;
			buildConfigurationList = E77E226E2F366F6000BF3CF1 /* Build configuration list for PBXNativeTarget "DungeonDiceTests" */;
			buildPhases = (
				E77E22532F366F6000BF3CF1 /* Sources */,
				E77E22542F366F6000BF3CF1 /* Frameworks */,
				E77E22552F366F6000BF3CF1 /* Resources */,
			);
			buildRules = (
			);
			dependencies = (
				E77E22592F366F6000BF3CF1 /* PBXTargetDependency */,
			);
			fileSystemSynchronizedGroups = (
				E77E225A2F366F6000BF3CF1 /* DungeonDiceTests */,
			);
			name = DungeonDiceTests;
			packageProductDependencies = (
			);
			productName = DungeonDiceTests;
			productReference = E77E22572F366F6000BF3CF1 /* DungeonDiceTests.xctest */;
			productType = "com.apple.product-type.bundle.unit-test";
		};
		E77E22602F366F6000BF3CF1 /* DungeonDiceUITests */ = {
			isa = PBXNativeTarget;
			buildConfigurationList = E77E22712F366F6000BF3CF1 /* Build configuration list for PBXNativeTarget "DungeonDiceUITests" */;
			buildPhases = (
				E77E225D2F366F6000BF3CF1 /* Sources */,
				E77E225E2F366F6000BF3CF1 /* Frameworks */,
				E77E225F2F366F6000BF3CF1 /* Resources */,
			);
			buildRules = (
			);
			dependencies = (
				E77E22632F366F6000BF3CF1 /* PBXTargetDependency */,
			);
			fileSystemSynchronizedGroups = (
				E77E22642F366F6000BF3CF1 /* DungeonDiceUITests */,
			);
			name = DungeonDiceUITests;
			packageProductDependencies = (
			);
			productName = DungeonDiceUITests;
			productReference = E77E22612F366F6000BF3CF1 /* DungeonDiceUITests.xctest */;
			productType = "com.apple.product-type.bundle.ui-testing";
		};
/* End PBXNativeTarget section */

/* Begin PBXProject section */
		E77E223F2F366F5F00BF3CF1 /* Project object */ = {
			isa = PBXProject;
			attributes = {
				BuildIndependentTargetsInParallel = 1;
				LastSwiftUpdateCheck = 1620;
				LastUpgradeCheck = 1620;
				TargetAttributes = {
					E77E22462F366F5F00BF3CF1 = {
						CreatedOnToolsVersion = 16.2;
					};
					E77E22562F366F6000BF3CF1 = {
						CreatedOnToolsVersion = 16.2;
						TestTargetID = E77E22462F366F5F00BF3CF1;
					};
					E77E22602F366F6000BF3CF1 = {
						CreatedOnToolsVersion = 16.2;
						TestTargetID = E77E22462F366F5F00BF3CF1;
					};
				};
			};
			buildConfigurationList = E77E22422F366F5F00BF3CF1 /* Build configuration list for PBXProject "DungeonDice" */;
			developmentRegion = en;
			hasScannedForEncodings = 0;
			knownRegions = (
				en,
				Base,
			);
			mainGroup = E77E223E2F366F5F00BF3CF1;
			minimizedProjectReferenceProxies = 1;
			preferredProjectObjectVersion = 77;
			productRefGroup = E77E22482F366F5F00BF3CF1 /* Products */;
			projectDirPath = "";
			projectRoot = "";
			targets = (
				E77E22462F366F5F00BF3CF1 /* DungeonDice */,
				E77E22562F366F6000BF3CF1 /* DungeonDiceTests */,
				E77E22602F366F6000BF3CF1 /* DungeonDiceUITests */,
			);
		};
/* End PBXProject section */

/* Begin PBXResourcesBuildPhase section */
		E77E22452F366F5F00BF3CF1 /* Resources */ = {
			isa = PBXResourcesBuildPhase;
			buildActionMask = 2147483647;
			files = (
			);
			runOnlyForDeploymentPostprocessing = 0;
		};
		E77E22552F366F6000BF3CF1 /* Resources */ = {
			isa = PBXResourcesBuildPhase;
			buildActionMask = 2147483647;
			files = (
			);
			runOnlyForDeploymentPostprocessing = 0;
		};
		E77E225F2F366F6000BF3CF1 /* Resources */ = {
			isa = PBXResourcesBuildPhase;
			buildActionMask = 2147483647;
			files = (
			);
			runOnlyForDeploymentPostprocessing = 0;
		};
/* End PBXResourcesBuildPhase section */

/* Begin PBXSourcesBuildPhase section */
		E77E22432F366F5F00BF3CF1 /* Sources */ = {
			isa = PBXSourcesBuildPhase;
			buildActionMask = 2147483647;
			files = (
			);
			runOnlyForDeploymentPostprocessing = 0;
		};
		E77E22532F366F6000BF3CF1 /* Sources */ = {
			isa = PBXSourcesBuildPhase;
			buildActionMask = 2147483647;
			files = (
			);
			runOnlyForDeploymentPostprocessing = 0;
		};
		E77E225D2F366F6000BF3CF1 /* Sources */ = {
			isa = PBXSourcesBuildPhase;
			buildActionMask = 2147483647;
			files = (
			);
			runOnlyForDeploymentPostprocessing = 0;
		};
/* End PBXSourcesBuildPhase section */

/* Begin PBXTargetDependency section */
		E77E22592F366F6000BF3CF1 /* PBXTargetDependency */ = {
			isa = PBXTargetDependency;
			target = E77E22462F366F5F00BF3CF1 /* DungeonDice */;
			targetProxy = E77E22582F366F6000BF3CF1 /* PBXContainerItemProxy */;
		};
		E77E22632F366F6000BF3CF1 /* PBXTargetDependency */ = {
			isa = PBXTargetDependency;
			target = E77E22462F366F5F00BF3CF1 /* DungeonDice */;
			targetProxy = E77E22622F366F6000BF3CF1 /* PBXContainerItemProxy */;
		};
/* End PBXTargetDependency section */

/* Begin XCBuildConfiguration section */
		E77E22692F366F6000BF3CF1 /* Debug */ = {
			isa = XCBuildConfiguration;
			buildSettings = {
				ALWAYS_SEARCH_USER_PATHS = NO;
				ASSETCATALOG_COMPILER_GENERATE_SWIFT_ASSET_SYMBOL_EXTENSIONS = YES;
				CLANG_ANALYZER_NONNULL = YES;
				CLANG_ANALYZER_NUMBER_OBJECT_CONVERSION = YES_AGGRESSIVE;
				CLANG_CXX_LANGUAGE_STANDARD = "gnu++20";
				CLANG_ENABLE_MODULES = YES;
				CLANG_ENABLE_OBJC_ARC = YES;
				CLANG_ENABLE_OBJC_WEAK = YES;
				CLANG_WARN_BLOCK_CAPTURE_AUTORELEASING = YES;
				CLANG_WARN_BOOL_CONVERSION = YES;
				CLANG_WARN_COMMA = YES;
				CLANG_WARN_CONSTANT_CONVERSION = YES;
				CLANG_WARN_DEPRECATED_OBJC_IMPLEMENTATIONS = YES;
				CLANG_WARN_DIRECT_OBJC_ISA_USAGE = YES_ERROR;
				CLANG_WARN_DOCUMENTATION_COMMENTS = YES;
				CLANG_WARN_EMPTY_BODY = YES;
				CLANG_WARN_ENUM_CONVERSION = YES;
				CLANG_WARN_INFINITE_RECURSION = YES;
				CLANG_WARN_INT_CONVERSION = YES;
				CLANG_WARN_NON_LITERAL_NULL_CONVERSION = YES;
				CLANG_WARN_OBJC_IMPLICIT_RETAIN_SELF = YES;
				CLANG_WARN_OBJC_LITERAL_CONVERSION = YES;
				CLANG_WARN_OBJC_ROOT_CLASS = YES_ERROR;
				CLANG_WARN_QUOTED_INCLUDE_IN_FRAMEWORK_HEADER = YES;
				CLANG_WARN_RANGE_LOOP_ANALYSIS = YES;
				CLANG_WARN_STRICT_PROTOTYPES = YES;
				CLANG_WARN_SUSPICIOUS_MOVE = YES;
				CLANG_WARN_UNGUARDED_AVAILABILITY = YES_AGGRESSIVE;
				CLANG_WARN_UNREACHABLE_CODE = YES;
				CLANG_WARN__DUPLICATE_METHOD_MATCH = YES;
				COPY_PHASE_STRIP = NO;
				DEBUG_INFORMATION_FORMAT = dwarf;
				ENABLE_STRICT_OBJC_MSGSEND = YES;
				ENABLE_TESTABILITY = YES;
				ENABLE_USER_SCRIPT_SANDBOXING = YES;
				GCC_C_LANGUAGE_STANDARD = gnu17;
				GCC_DYNAMIC_NO_PIC = NO;
				GCC_NO_COMMON_BLOCKS = YES;
				GCC_OPTIMIZATION_LEVEL = 0;
				GCC_PREPROCESSOR_DEFINITIONS = (
					"DEBUG=1",
					"$(inherited)",
				);
				GCC_WARN_64_TO_32_BIT_CONVERSION = YES;
				GCC_WARN_ABOUT_RETURN_TYPE = YES_ERROR;
				GCC_WARN_UNDECLARED_SELECTOR = YES;
				GCC_WARN_UNINITIALIZED_AUTOS = YES_AGGRESSIVE;
				GCC_WARN_UNUSED_FUNCTION = YES;
				GCC_WARN_UNUSED_VARIABLE = YES;
				IPHONEOS_DEPLOYMENT_TARGET = 18.2;
				LOCALIZATION_PREFERS_STRING_CATALOGS = YES;
				MTL_ENABLE_DEBUG_INFO = INCLUDE_SOURCE;
				MTL_FAST_MATH = YES;
				ONLY_ACTIVE_ARCH = YES;
				SDKROOT = iphoneos;
				SWIFT_ACTIVE_COMPILATION_CONDITIONS = "DEBUG $(inherited)";
				SWIFT_OPTIMIZATION_LEVEL = "-Onone";
			};
			name = Debug;
		};
		E77E226A2F366F6000BF3CF1 /* Release */ = {
			isa = XCBuildConfiguration;
			buildSettings = {
				ALWAYS_SEARCH_USER_PATHS = NO;
				ASSETCATALOG_COMPILER_GENERATE_SWIFT_ASSET_SYMBOL_EXTENSIONS = YES;
				CLANG_ANALYZER_NONNULL = YES;
				CLANG_ANALYZER_NUMBER_OBJECT_CONVERSION = YES_AGGRESSIVE;
				CLANG_CXX_LANGUAGE_STANDARD = "gnu++20";
				CLANG_ENABLE_MODULES = YES;
				CLANG_ENABLE_OBJC_ARC = YES;
				CLANG_ENABLE_OBJC_WEAK = YES;
				CLANG_WARN_BLOCK_CAPTURE_AUTORELEASING = YES;
				CLANG_WARN_BOOL_CONVERSION = YES;
				CLANG_WARN_COMMA = YES;
				CLANG_WARN_CONSTANT_CONVERSION = YES;
				CLANG_WARN_DEPRECATED_OBJC_IMPLEMENTATIONS = YES;
				CLANG_WARN_DIRECT_OBJC_ISA_USAGE = YES_ERROR;
				CLANG_WARN_DOCUMENTATION_COMMENTS = YES;
				CLANG_WARN_EMPTY_BODY = YES;
				CLANG_WARN_ENUM_CONVERSION = YES;
				CLANG_WARN_INFINITE_RECURSION = YES;
				CLANG_WARN_INT_CONVERSION = YES;
				CLANG_WARN_NON_LITERAL_NULL_CONVERSION = YES;
				CLANG_WARN_OBJC_IMPLICIT_RETAIN_SELF = YES;
				CLANG_WARN_OBJC_LITERAL_CONVERSION = YES;
				CLANG_WARN_OBJC_ROOT_CLASS = YES_ERROR;
				CLANG_WARN_QUOTED_INCLUDE_IN_FRAMEWORK_HEADER = YES;
				CLANG_WARN_RANGE_LOOP_ANALYSIS = YES;
				CLANG_WARN_STRICT_PROTOTYPES = YES;
				CLANG_WARN_SUSPICIOUS_MOVE = YES;
				CLANG_WARN_UNGUARDED_AVAILABILITY = YES_AGGRESSIVE;
				CLANG_WARN_UNREACHABLE_CODE = YES;
				CLANG_WARN__DUPLICATE_METHOD_MATCH = YES;
				COPY_PHASE_STRIP = NO;
				DEBUG_INFORMATION_FORMAT = "dwarf-with-dsym";
				ENABLE_NS_ASSERTIONS = NO;
				ENABLE_STRICT_OBJC_MSGSEND = YES;
				ENABLE_USER_SCRIPT_SANDBOXING = YES;
				GCC_C_LANGUAGE_STANDARD = gnu17;
				GCC_NO_COMMON_BLOCKS = YES;
				GCC_WARN_64_TO_32_BIT_CONVERSION = YES;
				GCC_WARN_ABOUT_RETURN_TYPE = YES_ERROR;
				GCC_WARN_UNDECLARED_SELECTOR = YES;
				GCC_WARN_UNINITIALIZED_AUTOS = YES_AGGRESSIVE;
				GCC_WARN_UNUSED_FUNCTION = YES;
				GCC_WARN_UNUSED_VARIABLE = YES;
				IPHONEOS_DEPLOYMENT_TARGET = 18.2;
				LOCALIZATION_PREFERS_STRING_CATALOGS = YES;
				MTL_ENABLE_DEBUG_INFO = NO;
				MTL_FAST_MATH = YES;
				SDKROOT = iphoneos;
				SWIFT_COMPILATION_MODE = wholemodule;
				VALIDATE_PRODUCT = YES;
			};
			name = Release;
		};
		E77E226C2F366F6000BF3CF1 /* Debug */ = {
			isa = XCBuildConfiguration;
			buildSettings = {
				ASSETCATALOG_COMPILER_APPICON_NAME = AppIcon;
				ASSETCATALOG_COMPILER_GLOBAL_ACCENT_COLOR_NAME = AccentColor;
				CODE_SIGN_STYLE = Automatic;
				CURRENT_PROJECT_VERSION = 1;
				DEVELOPMENT_ASSET_PATHS = "\"DungeonDice/Preview Content\"";
				ENABLE_PREVIEWS = YES;
				GENERATE_INFOPLIST_FILE = YES;
				INFOPLIST_KEY_UIApplicationSceneManifest_Generation = YES;
				INFOPLIST_KEY_UIApplicationSupportsIndirectInputEvents = YES;
				INFOPLIST_KEY_UILaunchScreen_Generation = YES;
				INFOPLIST_KEY_UISupportedInterfaceOrientations_iPad = "UIInterfaceOrientationPortrait UIInterfaceOrientationPortraitUpsideDown UIInterfaceOrientationLandscapeLeft UIInterfaceOrientationLandscapeRight";
				INFOPLIST_KEY_UISupportedInterfaceOrientations_iPhone = "UIInterfaceOrientationPortrait UIInterfaceOrientationLandscapeLeft UIInterfaceOrientationLandscapeRight";
				LD_RUNPATH_SEARCH_PATHS = (
					"$(inherited)",
					"@executable_path/Frameworks",
				);
				MARKETING_VERSION = 1.0;
				PRODUCT_BUNDLE_IDENTIFIER = tonybalony.DungeonDice;
				PRODUCT_NAME = "$(TARGET_NAME)";
				SWIFT_EMIT_LOC_STRINGS = YES;
				SWIFT_VERSION = 5.0;
				TARGETED_DEVICE_FAMILY = "1,2";
			};
			name = Debug;
		};
		E77E226D2F366F6000BF3CF1 /* Release */ = {
			isa = XCBuildConfiguration;
			buildSettings = {
				ASSETCATALOG_COMPILER_APPICON_NAME = AppIcon;
				ASSETCATALOG_COMPILER_GLOBAL_ACCENT_COLOR_NAME = AccentColor;
				CODE_SIGN_STYLE = Automatic;
				CURRENT_PROJECT_VERSION = 1;
				DEVELOPMENT_ASSET_PATHS = "\"DungeonDice/Preview Content\"";
				ENABLE_PREVIEWS = YES;
				GENERATE_INFOPLIST_FILE = YES;
				INFOPLIST_KEY_UIApplicationSceneManifest_Generation = YES;
				INFOPLIST_KEY_UIApplicationSupportsIndirectInputEvents = YES;
				INFOPLIST_KEY_UILaunchScreen_Generation = YES;
				INFOPLIST_KEY_UISupportedInterfaceOrientations_iPad = "UIInterfaceOrientationPortrait UIInterfaceOrientationPortraitUpsideDown UIInterfaceOrientationLandscapeLeft UIInterfaceOrientationLandscapeRight";
				INFOPLIST_KEY_UISupportedInterfaceOrientations_iPhone = "UIInterfaceOrientationPortrait UIInterfaceOrientationLandscapeLeft UIInterfaceOrientationLandscapeRight";
				LD_RUNPATH_SEARCH_PATHS = (
					"$(inherited)",
					"@executable_path/Frameworks",
				);
				MARKETING_VERSION = 1.0;
				PRODUCT_BUNDLE_IDENTIFIER = tonybalony.DungeonDice;
				PRODUCT_NAME = "$(TARGET_NAME)";
				SWIFT_EMIT_LOC_STRINGS = YES;
				SWIFT_VERSION = 5.0;
				TARGETED_DEVICE_FAMILY = "1,2";
			};
			name = Release;
		};
		E77E226F2F366F6000BF3CF1 /* Debug */ = {
			isa = XCBuildConfiguration;
			buildSettings = {
				BUNDLE_LOADER = "$(TEST_HOST)";
				CODE_SIGN_STYLE = Automatic;
				CURRENT_PROJECT_VERSION = 1;
				GENERATE_INFOPLIST_FILE = YES;
				IPHONEOS_DEPLOYMENT_TARGET = 18.2;
				MARKETING_VERSION = 1.0;
				PRODUCT_BUNDLE_IDENTIFIER = tonybalony.DungeonDiceTests;
				PRODUCT_NAME = "$(TARGET_NAME)";
				SWIFT_EMIT_LOC_STRINGS = NO;
				SWIFT_VERSION = 5.0;
				TARGETED_DEVICE_FAMILY = "1,2";
				TEST_HOST = "$(BUILT_PRODUCTS_DIR)/DungeonDice.app/$(BUNDLE_EXECUTABLE_FOLDER_PATH)/DungeonDice";
			};
			name = Debug;
		};
		E77E22702F366F6000BF3CF1 /* Release */ = {
			isa = XCBuildConfiguration;
			buildSettings = {
				BUNDLE_LOADER = "$(TEST_HOST)";
				CODE_SIGN_STYLE = Automatic;
				CURRENT_PROJECT_VERSION = 1;
				GENERATE_INFOPLIST_FILE = YES;
				IPHONEOS_DEPLOYMENT_TARGET = 18.2;
				MARKETING_VERSION = 1.0;
				PRODUCT_BUNDLE_IDENTIFIER = tonybalony.DungeonDiceTests;
				PRODUCT_NAME = "$(TARGET_NAME)";
				SWIFT_EMIT_LOC_STRINGS = NO;
				SWIFT_VERSION = 5.0;
				TARGETED_DEVICE_FAMILY = "1,2";
				TEST_HOST = "$(BUILT_PRODUCTS_DIR)/DungeonDice.app/$(BUNDLE_EXECUTABLE_FOLDER_PATH)/DungeonDice";
			};
			name = Release;
		};
		E77E22722F366F6000BF3CF1 /* Debug */ = {
			isa = XCBuildConfiguration;
			buildSettings = {
				CODE_SIGN_STYLE = Automatic;
				CURRENT_PROJECT_VERSION = 1;
				GENERATE_INFOPLIST_FILE = YES;
				MARKETING_VERSION = 1.0;
				PRODUCT_BUNDLE_IDENTIFIER = tonybalony.DungeonDiceUITests;
				PRODUCT_NAME = "$(TARGET_NAME)";
				SWIFT_EMIT_LOC_STRINGS = NO;
				SWIFT_VERSION = 5.0;
				TARGETED_DEVICE_FAMILY = "1,2";
				TEST_TARGET_NAME = DungeonDice;
			};
			name = Debug;
		};
		E77E22732F366F6000BF3CF1 /* Release */ = {
			isa = XCBuildConfiguration;
			buildSettings = {
				CODE_SIGN_STYLE = Automatic;
				CURRENT_PROJECT_VERSION = 1;
				GENERATE_INFOPLIST_FILE = YES;
				MARKETING_VERSION = 1.0;
				PRODUCT_BUNDLE_IDENTIFIER = tonybalony.DungeonDiceUITests;
				PRODUCT_NAME = "$(TARGET_NAME)";
				SWIFT_EMIT_LOC_STRINGS = NO;
				SWIFT_VERSION = 5.0;
				TARGETED_DEVICE_FAMILY = "1,2";
				TEST_TARGET_NAME = DungeonDice;
			};
			name = Release;
		};
/* End XCBuildConfiguration section */

/* Begin XCConfigurationList section */
		E77E22422F366F5F00BF3CF1 /* Build configuration list for PBXProject "DungeonDice" */ = {
			isa = XCConfigurationList;
			buildConfigurations = (
				E77E22692F366F6000BF3CF1 /* Debug */,
				E77E226A2F366F6000BF3CF1 /* Release */,
			);
			defaultConfigurationIsVisible = 0;
			defaultConfigurationName = Release;
		};
		E77E226B2F366F6000BF3CF1 /* Build configuration list for PBXNativeTarget "DungeonDice" */ = {
			isa = XCConfigurationList;
			buildConfigurations = (
				E77E226C2F366F6000BF3CF1 /* Debug */,
				E77E226D2F366F6000BF3CF1 /* Release */,
			);
			defaultConfigurationIsVisible = 0;
			defaultConfigurationName = Release;
		};
		E77E226E2F366F6000BF3CF1 /* Build configuration list for PBXNativeTarget "DungeonDiceTests" */ = {
			isa = XCConfigurationList;
			buildConfigurations = (
				E77E226F2F366F6000BF3CF1 /* Debug */,
				E77E22702F366F6000BF3CF1 /* Release */,
			);
			defaultConfigurationIsVisible = 0;
			defaultConfigurationName = Release;
		};
		E77E22712F366F6000BF3CF1 /* Build configuration list for PBXNativeTarget "DungeonDiceUITests" */ = {
			isa = XCConfigurationList;
			buildConfigurations = (
				E77E22722F366F6000BF3CF1 /* Debug */,
				E77E22732F366F6000BF3CF1 /* Release */,
			);
			defaultConfigurationIsVisible = 0;
			defaultConfigurationName = Release;
		};
/* End XCConfigurationList section */
	};
	rootObject = E77E223F2F366F5F00BF3CF1 /* Project object */;
}
